
Microsoft Visual Studio Solution File, Format Version 12.00
# Visual Studio Version 17
VisualStudioVersion = 17.5.002.0
MinimumVisualStudioVersion = 10.0.40219.1
Project("{9A19103F-16F7-4668-BE54-9A1E7A4F7556}") = "API", "API\API.csproj", "{E4EB103B-E65E-4A3B-8EAD-2DFD1882C9DD}"
EndProject
Project("{9A19103F-16F7-4668-BE54-9A1E7A4F7556}") = "Data", "Data\Data.csproj", "{9EDA0A23-C31B-472D-BDFE-1EC17EC71C52}"
EndProject
Project("{FAE04EC0-301F-11D3-BF4B-00C04F79EFBC}") = "Share", "Share\Share.csproj", "{393B8127-AD4D-4B02-8DAF-66D5B4C3AEC8}"
EndProject
Project("{FAE04EC0-301F-11D3-BF4B-00C04F79EFBC}") = "Front", "Front\Front.csproj", "{7DF7E6A3-0F05-4C0C-A16E-C3D17B6EF0CD}"
EndProject
Global
	GlobalSection(SolutionConfigurationPlatforms) = preSolution
		Debug|Any CPU = Debug|Any CPU
		Release|Any CPU = Release|Any CPU
	EndGlobalSection
	GlobalSection(ProjectConfigurationPlatforms) = postSolution
		{E4EB103B-E65E-4A3B-8EAD-2DFD1882C9DD}.Debug|Any CPU.ActiveCfg = Debug|Any CPU
		{E4EB103B-E65E-4A3B-8EAD-2DFD1882C9DD}.Debug|Any CPU.Build.0 = Debug|Any CPU
		{E4EB103B-E65E-4A3B-8EAD-2DFD1882C9DD}.Release|Any CPU.ActiveCfg = Release|Any CPU
		{E4EB103B-E65E-4A3B-8EAD-2DFD1882C9DD}.Release|Any CPU.Build.0 = Release|Any CPU
		{9EDA0A23-C31B-472D-BDFE-1EC17EC71C52}.Debug|Any CPU.ActiveCfg = Debug|Any CPU
		{9EDA0A23-C31B-472D-BDFE-1EC17EC71C52}.Debug|Any CPU.Build.0 = Debug|Any CPU
		{9EDA0A23-C31B-472D-BDFE-1EC17EC71C52}.Release|Any CPU.ActiveCfg = Release|Any CPU
		{9EDA0A23-C31B-472D-BDFE-1EC17EC71C52}.Release|Any CPU.Build.0 = Release|Any CPU
		{393B8127-AD4D-4B02-8DAF-66D5B4C3AEC8}.Debug|Any CPU.ActiveCfg = Debug|Any CPU
		{393B8127-AD4D-4B02-8DAF-66D5B4C3AEC8}.Debug|Any CPU.Build.0 = Debug|Any CPU
		{393B8127-AD4D-4B02-8DAF-66D5B4C3AEC8}.Release|Any CPU.ActiveCfg = Release|Any CPU
		{393B8127-AD4D-4B02-8DAF-66D5B4C3AEC8}.Release|Any CPU.Build.0 = Release|Any CPU
		{7DF7E6A3-0F05-4C0C-A16E-C3D17B6EF0CD}.Debug|Any CPU.ActiveCfg = Debug|Any CPU
		{7DF7E6A3-0F05-4C0C-A16E-C3D17B6EF0CD}.Debug|Any CPU.Build.0 = Debug|Any CPU
		{7DF7E6A3-0F05-4C0C-A16E-C3D17B6EF0CD}.Release|Any CPU.ActiveCfg = Release|Any CPU
		{7DF7E6A3-0F05-4C0C-A16E-C3D17B6EF0CD}.Release|Any CPU.Build.0 = Release|Any CPU
	EndGlobalSection
	GlobalSection(SolutionProperties) = preSolution
		HideSolutionNode = FALSE
	EndGlobalSection
	GlobalSection(ExtensibilityGlobals) = postSolution
		SolutionGuid = {2D076197-28DA-4661-BE38-B985FDE01189}
	EndGlobalSection
EndGlobal
